# This file is automatically @generated by Poetry 1.8.2 and should not be changed by hand.

[[package]]
name = "click"
version = "8.1.7"
description = "Composable command line interface toolkit"
optional = false
python-versions = ">=3.7"
files = [
    {file = "click-8.1.7-py3-none-any.whl", hash = "sha256:ae74fb96c20a0277a1d615f1e4d73c8414f5a98db8b799a7931d1582f3390c28"},
    {file = "click-8.1.7.tar.gz", hash = "sha256:ca9853ad459e787e2192211578cc907e7594e294c7ccc834310722b41b9ca6de"},
]

[package.dependencies]
colorama = {version = "*", markers = "platform_system == \"Windows\""}

[[package]]
name = "colorama"
version = "0.4.6"
description = "Cross-platform colored terminal text."
optional = false
python-versions = "!=3.0.*,!=3.1.*,!=3.2.*,!=3.3.*,!=3.4.*,!=3.5.*,!=3.6.*,>=2.7"
files = [
    {file = "colorama-0.4.6-py2.py3-none-any.whl", hash = "sha256:4f1d9991f5acc0ca119f9d443620b77f9d6b33703e51011c16baf57afb285fc6"},
    {file = "colorama-0.4.6.tar.gz", hash = "sha256:08695f5cb7ed6e0531a20572697297273c47b8cae5a63ffc6d6ed5c201be6e44"},
]

[[package]]
name = "exceptiongroup"
version = "1.2.2"
description = "Backport of PEP 654 (exception groups)"
optional = false
python-versions = ">=3.7"
files = [
    {file = "exceptiongroup-1.2.2-py3-none-any.whl", hash = "sha256:3111b9d131c238bec2f8f516e123e14ba243563fb135d3fe885990585aa7795b"},
    {file = "exceptiongroup-1.2.2.tar.gz", hash = "sha256:47c2edf7c6738fafb49fd34290706d1a1a2f4d1c6df275526b62cbb4aa5393cc"},
]

[package.extras]
test = ["pytest (>=6)"]

[[package]]
name = "igraph"
version = "0.11.6"
description = "High performance graph data structures and algorithms"
optional = false
python-versions = ">=3.8"
files = [
    {file = "igraph-0.11.6-cp38-cp38-macosx_10_9_x86_64.whl", hash = "sha256:3f8b837181e8e87676be3873ce87cc92cc234efd58a2da2f6b4e050db150fcf4"},
    {file = "igraph-0.11.6-cp38-cp38-macosx_11_0_arm64.whl", hash = "sha256:245c4b7d7657849eff80416f5df4525c8fc44c74a981ee4d44f0ef2612c3bada"},
    {file = "igraph-0.11.6-cp38-cp38-manylinux_2_17_aarch64.manylinux2014_aarch64.whl", hash = "sha256:bdb7be3d165073c0136295c0808e9edc57ba096cdb26e94086abb04561f7a292"},
    {file = "igraph-0.11.6-cp38-cp38-manylinux_2_17_i686.manylinux2014_i686.whl", hash = "sha256:58974e20df2986a1ae52a16e51ecb387cc0cbeb41c5c0ddff4d373a1bbf1d9c5"},
    {file = "igraph-0.11.6-cp38-cp38-manylinux_2_17_x86_64.manylinux2014_x86_64.whl", hash = "sha256:7bef14de5e8ab70724a43808b1ed14aaa6fe1002f87e592289027a3827a8f44a"},
    {file = "igraph-0.11.6-cp38-cp38-musllinux_1_2_aarch64.whl", hash = "sha256:86c1e98de2e32d074df8510bf18abfa1f4c5fda4cb28a009985a5d746b0c0125"},
    {file = "igraph-0.11.6-cp38-cp38-musllinux_1_2_i686.whl", hash = "sha256:ebc5b3d702158abeb2e4d2414374586a2b932e1a07e48352b470600e1733d528"},
    {file = "igraph-0.11.6-cp38-cp38-musllinux_1_2_x86_64.whl", hash = "sha256:0efe6d0fb22d3987a800eb3857ed04df9eb4c5dddd0998be05232cb646f1c337"},
    {file = "igraph-0.11.6-cp38-cp38-win32.whl", hash = "sha256:f4e68b27497b1c8ada2fb2bc35ef3fa7b0d72e84306b3d648d3de240fc618c32"},
    {file = "igraph-0.11.6-cp38-cp38-win_amd64.whl", hash = "sha256:5665b33dfbfca5f54ce9b4fea6b97903bd0e99fb1b02acf5e57e600bdfa5a355"},
    {file = "igraph-0.11.6-cp39-abi3-macosx_10_9_x86_64.whl", hash = "sha256:8aabef03d787b519d1075dfc0da4a1109fb113b941334883e3e7947ac30a459e"},
    {file = "igraph-0.11.6-cp39-abi3-macosx_11_0_arm64.whl", hash = "sha256:1f2cc4a518d99cdf6cae514f85e93e56852bc8c325b3abb96037d1d690b5975f"},
    {file = "igraph-0.11.6-cp39-abi3-manylinux_2_17_aarch64.manylinux2014_aarch64.whl", hash = "sha256:c1e859238be52ab8ccc614d18f9362942bc88ce543afc12548f81ae99b10801d"},
    {file = "igraph-0.11.6-cp39-abi3-manylinux_2_17_i686.manylinux2014_i686.whl", hash = "sha256:d61fbe5e85eb4ae9efe08c461f9bdeedb02a2b5739fbc223d324a71f40a28be2"},
    {file = "igraph-0.11.6-cp39-abi3-manylinux_2_17_x86_64.manylinux2014_x86_64.whl", hash = "sha256:b6620ba39df29fd42151becf82309b54e57148233c9c3ef890eed62e25eed8a5"},
    {file = "igraph-0.11.6-cp39-abi3-musllinux_1_2_aarch64.whl", hash = "sha256:59666589bb3d07f310cda2c5106a8adeeb77c2ef27fecf1c6438b6091f4ca69d"},
    {file = "igraph-0.11.6-cp39-abi3-musllinux_1_2_i686.whl", hash = "sha256:8750b6d6caebf199cf7dc41c931f58e330153779707391e30f0a29f02666fb6e"},
    {file = "igraph-0.11.6-cp39-abi3-musllinux_1_2_x86_64.whl", hash = "sha256:967d6f2c30fe94317da15e459374d0fb8ca3e56020412f201ecd07dd5b5352f2"},
    {file = "igraph-0.11.6-cp39-abi3-win32.whl", hash = "sha256:9744f95a67319eb6cb487ceabf30f5d7940de34bada51f0ba63adbd23e0f94ad"},
    {file = "igraph-0.11.6-cp39-abi3-win_amd64.whl", hash = "sha256:b80e69eb11faa9c57330a9ffebdde5808966efe1c1f638d4d4827ea04df7aca8"},
    {file = "igraph-0.11.6-pp310-pypy310_pp73-macosx_10_15_x86_64.whl", hash = "sha256:0329c16092e2ea7930d5f8368666ce7cb704900cc0ea04e4afe9ea1dd46e44af"},
    {file = "igraph-0.11.6-pp310-pypy310_pp73-macosx_11_0_arm64.whl", hash = "sha256:21752313f449bd8688e5688e95ea7231cea5e9199c7162535029be0d9af848ac"},
    {file = "igraph-0.11.6-pp310-pypy310_pp73-manylinux_2_17_aarch64.manylinux2014_aarch64.whl", hash = "sha256:ea25e136c6c4161f53ff58868b23ff6c845193050ab0e502236d68e5d4174e32"},
    {file = "igraph-0.11.6-pp310-pypy310_pp73-manylinux_2_17_i686.manylinux2014_i686.whl", hash = "sha256:ac84433a03aef15e4b810010b08882b09854a3669450ccf31e392dbe295d2a66"},
    {file = "igraph-0.11.6-pp310-pypy310_pp73-manylinux_2_17_x86_64.manylinux2014_x86_64.whl", hash = "sha256:ac697a44e3573169fa2b28c9c37dcf9cf01e0f558b845dd7123860d4c7c8fb89"},
    {file = "igraph-0.11.6-pp310-pypy310_pp73-win_amd64.whl", hash = "sha256:bdeae8bf35316eb1fb27bf667dcf5ecf5fcfb0b8f51831bc1b00c39c09c2d73b"},
    {file = "igraph-0.11.6-pp38-pypy38_pp73-macosx_10_9_x86_64.whl", hash = "sha256:ad7e4aa442935de72554b96733bf6d7f09eac5cee97988a2562bdd3ca173cfa3"},
    {file = "igraph-0.11.6-pp38-pypy38_pp73-macosx_11_0_arm64.whl", hash = "sha256:8d2818780358a686178866d01568b9df1f29678581734ad7a78882bab54df004"},
    {file = "igraph-0.11.6-pp38-pypy38_pp73-manylinux_2_17_aarch64.manylinux2014_aarch64.whl", hash = "sha256:2352276a20d979f1dea360af4202bb9f0c9a7d2c77f51815c0e625165e82013d"},
    {file = "igraph-0.11.6-pp38-pypy38_pp73-manylinux_2_17_i686.manylinux2014_i686.whl", hash = "sha256:687fdab543b507d622fa3043f4227e5b26dc61dcf8ff8c0919fccddcc655f8b8"},
    {file = "igraph-0.11.6-pp38-pypy38_pp73-manylinux_2_17_x86_64.manylinux2014_x86_64.whl", hash = "sha256:57f7f8214cd48c9a4d97f7346a4152ba2d4ac95fb5ee0df4ecf224fce4ba3d14"},
    {file = "igraph-0.11.6-pp38-pypy38_pp73-win_amd64.whl", hash = "sha256:2b9cc69ede53f76ffae03b066609aa90184dd68ef15da8c104a97cebb9210838"},
    {file = "igraph-0.11.6-pp39-pypy39_pp73-macosx_10_15_x86_64.whl", hash = "sha256:591e1e447c3f0092daf7613a3eaedab83f9a0b0adbaf7702724c5117ded038a5"},
    {file = "igraph-0.11.6-pp39-pypy39_pp73-macosx_11_0_arm64.whl", hash = "sha256:ca558eb331bc687bc33e5cd23717e22676e9412f8cda3a31d30c996a0487610d"},
    {file = "igraph-0.11.6-pp39-pypy39_pp73-manylinux_2_17_aarch64.manylinux2014_aarch64.whl", hash = "sha256:bf43c30e08debb087c9e3da69aa5cf1b6732968da34d55a614e3421b9a452146"},
    {file = "igraph-0.11.6-pp39-pypy39_pp73-manylinux_2_17_i686.manylinux2014_i686.whl", hash = "sha256:1d38e8d7db72b187d9d2211d0d06b3271fa9f32b04d49d789e2859b5480db0d0"},
    {file = "igraph-0.11.6-pp39-pypy39_pp73-manylinux_2_17_x86_64.manylinux2014_x86_64.whl", hash = "sha256:1a318b059051ff78144a1c3cb880f4d933c812bcdb3d833a49cd7168d0427672"},
    {file = "igraph-0.11.6-pp39-pypy39_pp73-win_amd64.whl", hash = "sha256:2c54027add809b3c5b6685b8deca4ea4763fd000b9ea45c7ee46b7c9d61ff15e"},
    {file = "igraph-0.11.6.tar.gz", hash = "sha256:837f233256c3319f2a35a6a80d94eafe47b43791ef4c6f9e9871061341ac8e28"},
]

[package.dependencies]
texttable = ">=1.6.2"

[package.extras]
cairo = ["cairocffi (>=1.2.0)"]
doc = ["Sphinx (>=7.0.0)", "pydoctor (>=23.4.0)", "sphinx-gallery (>=0.14.0)", "sphinx-rtd-theme (>=1.3.0)"]
matplotlib = ["matplotlib (>=3.6.0)"]
plotly = ["plotly (>=5.3.0)"]
plotting = ["cairocffi (>=1.2.0)"]
test = ["Pillow (>=9)", "cairocffi (>=1.2.0)", "matplotlib (>=3.6.0)", "networkx (>=2.5)", "numpy (>=1.19.0)", "pandas (>=1.1.0)", "plotly (>=5.3.0)", "pytest (>=7.0.1)", "pytest-timeout (>=2.1.0)", "scipy (>=1.5.0)"]
test-musl = ["cairocffi (>=1.2.0)", "networkx (>=2.5)", "pytest (>=7.0.1)", "pytest-timeout (>=2.1.0)"]

[[package]]
name = "iniconfig"
version = "2.0.0"
description = "brain-dead simple config-ini parsing"
optional = false
python-versions = ">=3.7"
files = [
    {file = "iniconfig-2.0.0-py3-none-any.whl", hash = "sha256:b6a85871a79d2e3b22d2d1b94ac2824226a63c6b741c88f7ae975f18b6778374"},
    {file = "iniconfig-2.0.0.tar.gz", hash = "sha256:2d91e135bf72d31a410b17c16da610a82cb55f6b0477d1a902134b24a455b8b3"},
]

[[package]]
name = "mypy"
version = "0.910"
description = "Optional static typing for Python"
optional = false
python-versions = ">=3.5"
files = [
    {file = "mypy-0.910-cp35-cp35m-macosx_10_9_x86_64.whl", hash = "sha256:a155d80ea6cee511a3694b108c4494a39f42de11ee4e61e72bc424c490e46457"},
    {file = "mypy-0.910-cp35-cp35m-manylinux1_x86_64.whl", hash = "sha256:b94e4b785e304a04ea0828759172a15add27088520dc7e49ceade7834275bedb"},
    {file = "mypy-0.910-cp35-cp35m-manylinux2010_x86_64.whl", hash = "sha256:088cd9c7904b4ad80bec811053272986611b84221835e079be5bcad029e79dd9"},
    {file = "mypy-0.910-cp35-cp35m-win_amd64.whl", hash = "sha256:adaeee09bfde366d2c13fe6093a7df5df83c9a2ba98638c7d76b010694db760e"},
    {file = "mypy-0.910-cp36-cp36m-macosx_10_9_x86_64.whl", hash = "sha256:ecd2c3fe726758037234c93df7e98deb257fd15c24c9180dacf1ef829da5f921"},
    {file = "mypy-0.910-cp36-cp36m-manylinux1_x86_64.whl", hash = "sha256:d9dd839eb0dc1bbe866a288ba3c1afc33a202015d2ad83b31e875b5905a079b6"},
    {file = "mypy-0.910-cp36-cp36m-manylinux2010_x86_64.whl", hash = "sha256:3e382b29f8e0ccf19a2df2b29a167591245df90c0b5a2542249873b5c1d78212"},
    {file = "mypy-0.910-cp36-cp36m-win_amd64.whl", hash = "sha256:53fd2eb27a8ee2892614370896956af2ff61254c275aaee4c230ae771cadd885"},
    {file = "mypy-0.910-cp37-cp37m-macosx_10_9_x86_64.whl", hash = "sha256:b6fb13123aeef4a3abbcfd7e71773ff3ff1526a7d3dc538f3929a49b42be03f0"},
    {file = "mypy-0.910-cp37-cp37m-manylinux1_x86_64.whl", hash = "sha256:e4dab234478e3bd3ce83bac4193b2ecd9cf94e720ddd95ce69840273bf44f6de"},
    {file = "mypy-0.910-cp37-cp37m-manylinux2010_x86_64.whl", hash = "sha256:7df1ead20c81371ccd6091fa3e2878559b5c4d4caadaf1a484cf88d93ca06703"},
    {file = "mypy-0.910-cp37-cp37m-win_amd64.whl", hash = "sha256:0aadfb2d3935988ec3815952e44058a3100499f5be5b28c34ac9d79f002a4a9a"},
    {file = "mypy-0.910-cp38-cp38-macosx_10_9_x86_64.whl", hash = "sha256:ec4e0cd079db280b6bdabdc807047ff3e199f334050db5cbb91ba3e959a67504"},
    {file = "mypy-0.910-cp38-cp38-manylinux1_x86_64.whl", hash = "sha256:119bed3832d961f3a880787bf621634ba042cb8dc850a7429f643508eeac97b9"},
    {file = "mypy-0.910-cp38-cp38-manylinux2010_x86_64.whl", hash = "sha256:866c41f28cee548475f146aa4d39a51cf3b6a84246969f3759cb3e9c742fc072"},
    {file = "mypy-0.910-cp38-cp38-win_amd64.whl", hash = "sha256:ceb6e0a6e27fb364fb3853389607cf7eb3a126ad335790fa1e14ed02fba50811"},
    {file = "mypy-0.910-cp39-cp39-macosx_10_9_x86_64.whl", hash = "sha256:1a85e280d4d217150ce8cb1a6dddffd14e753a4e0c3cf90baabb32cefa41b59e"},
    {file = "mypy-0.910-cp39-cp39-macosx_11_0_arm64.whl", hash = "sha256:42c266ced41b65ed40a282c575705325fa7991af370036d3f134518336636f5b"},
    {file = "mypy-0.910-cp39-cp39-manylinux1_x86_64.whl", hash = "sha256:3c4b8ca36877fc75339253721f69603a9c7fdb5d4d5a95a1a1b899d8b86a4de2"},
    {file = "mypy-0.910-cp39-cp39-manylinux2010_x86_64.whl", hash = "sha256:c0df2d30ed496a08de5daed2a9ea807d07c21ae0ab23acf541ab88c24b26ab97"},
    {file = "mypy-0.910-cp39-cp39-win_amd64.whl", hash = "sha256:c6c2602dffb74867498f86e6129fd52a2770c48b7cd3ece77ada4fa38f94eba8"},
    {file = "mypy-0.910-py3-none-any.whl", hash = "sha256:ef565033fa5a958e62796867b1df10c40263ea9ded87164d67572834e57a174d"},
    {file = "mypy-0.910.tar.gz", hash = "sha256:704098302473cb31a218f1775a873b376b30b4c18229421e9e9dc8916fd16150"},
]

[package.dependencies]
mypy-extensions = ">=0.4.3,<0.5.0"
toml = "*"
typing-extensions = ">=3.7.4"

[package.extras]
dmypy = ["psutil (>=4.0)"]
python2 = ["typed-ast (>=1.4.0,<1.5.0)"]

[[package]]
name = "mypy-extensions"
version = "0.4.4"
description = "Experimental type system extensions for programs checked with the mypy typechecker."
optional = false
python-versions = ">=2.7"
files = [
    {file = "mypy_extensions-0.4.4.tar.gz", hash = "sha256:c8b707883a96efe9b4bb3aaf0dcc07e7e217d7d8368eec4db4049ee9e142f4fd"},
]

[[package]]
name = "packaging"
version = "24.1"
description = "Core utilities for Python packages"
optional = false
python-versions = ">=3.8"
files = [
    {file = "packaging-24.1-py3-none-any.whl", hash = "sha256:5b8f2217dbdbd2f7f384c41c628544e6d52f2d0f53c6d0c3ea61aa5d1d7ff124"},
    {file = "packaging-24.1.tar.gz", hash = "sha256:026ed72c8ed3fcce5bf8950572258698927fd1dbda10a5e981cdf0ac37f4f002"},
]

[[package]]
name = "plotly"
version = "5.23.0"
description = "An open-source, interactive data visualization library for Python"
optional = false
python-versions = ">=3.8"
files = [
    {file = "plotly-5.23.0-py3-none-any.whl", hash = "sha256:76cbe78f75eddc10c56f5a4ee3e7ccaade7c0a57465546f02098c0caed6c2d1a"},
    {file = "plotly-5.23.0.tar.gz", hash = "sha256:89e57d003a116303a34de6700862391367dd564222ab71f8531df70279fc0193"},
]

[package.dependencies]
packaging = "*"
tenacity = ">=6.2.0"

[[package]]
name = "pluggy"
version = "1.5.0"
description = "plugin and hook calling mechanisms for python"
optional = false
python-versions = ">=3.8"
files = [
    {file = "pluggy-1.5.0-py3-none-any.whl", hash = "sha256:44e1ad92c8ca002de6377e165f3e0f1be63266ab4d554740532335b9d75ea669"},
    {file = "pluggy-1.5.0.tar.gz", hash = "sha256:2cffa88e94fdc978c4c574f15f9e59b7f4201d439195c3715ca9e2486f1d0cf1"},
]

[package.extras]
dev = ["pre-commit", "tox"]
testing = ["pytest", "pytest-benchmark"]

[[package]]
name = "pydevicetree"
version = "0.0.13"
description = "A library for parsing Devicetree Source v1"
optional = false
python-versions = ">=3.5"
files = [
    {file = "pydevicetree-0.0.13-py3-none-any.whl", hash = "sha256:d61c695cec925b90a8b5740053f4b604e51154a9b36e62a2f12ed9ceaf2f8c38"},
    {file = "pydevicetree-0.0.13.tar.gz", hash = "sha256:5700c05df89bad8fd729c11aa6f764a3323bcb3796f13b32481ae34445cfc1b7"},
]

[package.dependencies]
pyparsing = "*"

[[package]]
name = "pyparsing"
version = "3.1.2"
description = "pyparsing module - Classes and methods to define and execute parsing grammars"
optional = false
python-versions = ">=3.6.8"
files = [
    {file = "pyparsing-3.1.2-py3-none-any.whl", hash = "sha256:f9db75911801ed778fe61bb643079ff86601aca99fcae6345aa67292038fb742"},
    {file = "pyparsing-3.1.2.tar.gz", hash = "sha256:a1bac0ce561155ecc3ed78ca94d3c9378656ad4c94c1270de543f621420f94ad"},
]

[package.extras]
diagrams = ["jinja2", "railroad-diagrams"]

[[package]]
name = "pytest"
version = "8.3.4"
description = "pytest: simple powerful testing with Python"
optional = false
python-versions = ">=3.8"
files = [
    {file = "pytest-8.3.4-py3-none-any.whl", hash = "sha256:50e16d954148559c9a74109af1eaf0c945ba2d8f30f0a3d3335edde19788b6f6"},
    {file = "pytest-8.3.4.tar.gz", hash = "sha256:965370d062bce11e73868e0335abac31b4d3de0e82f4007408d242b4f8610761"},
]

[package.dependencies]
colorama = {version = "*", markers = "sys_platform == \"win32\""}
exceptiongroup = {version = ">=1.0.0rc8", markers = "python_version < \"3.11\""}
iniconfig = "*"
packaging = "*"
pluggy = ">=1.5,<2"
tomli = {version = ">=1", markers = "python_version < \"3.11\""}

[package.extras]
dev = ["argcomplete", "attrs (>=19.2)", "hypothesis (>=3.56)", "mock", "pygments (>=2.7.2)", "requests", "setuptools", "xmlschema"]

[[package]]
name = "tenacity"
version = "9.0.0"
description = "Retry code until it succeeds"
optional = false
python-versions = ">=3.8"
files = [
    {file = "tenacity-9.0.0-py3-none-any.whl", hash = "sha256:93de0c98785b27fcf659856aa9f54bfbd399e29969b0621bc7f762bd441b4539"},
    {file = "tenacity-9.0.0.tar.gz", hash = "sha256:807f37ca97d62aa361264d497b0e31e92b8027044942bfa756160d908320d73b"},
]

[package.extras]
doc = ["reno", "sphinx"]
test = ["pytest", "tornado (>=4.5)", "typeguard"]

[[package]]
name = "texttable"
version = "1.7.0"
description = "module to create simple ASCII tables"
optional = false
python-versions = "*"
files = [
    {file = "texttable-1.7.0-py2.py3-none-any.whl", hash = "sha256:72227d592c82b3d7f672731ae73e4d1f88cd8e2ef5b075a7a7f01a23a3743917"},
    {file = "texttable-1.7.0.tar.gz", hash = "sha256:2d2068fb55115807d3ac77a4ca68fa48803e84ebb0ee2340f858107a36522638"},
]

[[package]]
name = "toml"
version = "0.10.2"
description = "Python Library for Tom's Obvious, Minimal Language"
optional = false
python-versions = ">=2.6, !=3.0.*, !=3.1.*, !=3.2.*"
files = [
    {file = "toml-0.10.2-py2.py3-none-any.whl", hash = "sha256:806143ae5bfb6a3c6e736a764057db0e6a0e05e338b5630894a5f779cabb4f9b"},
    {file = "toml-0.10.2.tar.gz", hash = "sha256:b3bda1d108d5dd99f4a20d24d9c348e91c4db7ab1b749200bded2f839ccbe68f"},
]

[[package]]
name = "tomli"
version = "2.2.1"
description = "A lil' TOML parser"
optional = false
python-versions = ">=3.8"
files = [
    {file = "tomli-2.2.1-cp311-cp311-macosx_10_9_x86_64.whl", hash = "sha256:678e4fa69e4575eb77d103de3df8a895e1591b48e740211bd1067378c69e8249"},
    {file = "tomli-2.2.1-cp311-cp311-macosx_11_0_arm64.whl", hash = "sha256:023aa114dd824ade0100497eb2318602af309e5a55595f76b626d6d9f3b7b0a6"},
    {file = "tomli-2.2.1-cp311-cp311-manylinux_2_17_aarch64.manylinux2014_aarch64.whl", hash = "sha256:ece47d672db52ac607a3d9599a9d48dcb2f2f735c6c2d1f34130085bb12b112a"},
    {file = "tomli-2.2.1-cp311-cp311-manylinux_2_17_x86_64.manylinux2014_x86_64.whl", hash = "sha256:6972ca9c9cc9f0acaa56a8ca1ff51e7af152a9f87fb64623e31d5c83700080ee"},
    {file = "tomli-2.2.1-cp311-cp311-manylinux_2_5_i686.manylinux1_i686.manylinux_2_17_i686.manylinux2014_i686.whl", hash = "sha256:c954d2250168d28797dd4e3ac5cf812a406cd5a92674ee4c8f123c889786aa8e"},
    {file = "tomli-2.2.1-cp311-cp311-musllinux_1_2_aarch64.whl", hash = "sha256:8dd28b3e155b80f4d54beb40a441d366adcfe740969820caf156c019fb5c7ec4"},
    {file = "tomli-2.2.1-cp311-cp311-musllinux_1_2_i686.whl", hash = "sha256:e59e304978767a54663af13c07b3d1af22ddee3bb2fb0618ca1593e4f593a106"},
    {file = "tomli-2.2.1-cp311-cp311-musllinux_1_2_x86_64.whl", hash = "sha256:33580bccab0338d00994d7f16f4c4ec25b776af3ffaac1ed74e0b3fc95e885a8"},
    {file = "tomli-2.2.1-cp311-cp311-win32.whl", hash = "sha256:465af0e0875402f1d226519c9904f37254b3045fc5084697cefb9bdde1ff99ff"},
    {file = "tomli-2.2.1-cp311-cp311-win_amd64.whl", hash = "sha256:2d0f2fdd22b02c6d81637a3c95f8cd77f995846af7414c5c4b8d0545afa1bc4b"},
    {file = "tomli-2.2.1-cp312-cp312-macosx_10_13_x86_64.whl", hash = "sha256:4a8f6e44de52d5e6c657c9fe83b562f5f4256d8ebbfe4ff922c495620a7f6cea"},
    {file = "tomli-2.2.1-cp312-cp312-macosx_11_0_arm64.whl", hash = "sha256:8d57ca8095a641b8237d5b079147646153d22552f1c637fd3ba7f4b0b29167a8"},
    {file = "tomli-2.2.1-cp312-cp312-manylinux_2_17_aarch64.manylinux2014_aarch64.whl", hash = "sha256:4e340144ad7ae1533cb897d406382b4b6fede8890a03738ff1683af800d54192"},
    {file = "tomli-2.2.1-cp312-cp312-manylinux_2_17_x86_64.manylinux2014_x86_64.whl", hash = "sha256:db2b95f9de79181805df90bedc5a5ab4c165e6ec3fe99f970d0e302f384ad222"},
    {file = "tomli-2.2.1-cp312-cp312-manylinux_2_5_i686.manylinux1_i686.manylinux_2_17_i686.manylinux2014_i686.whl", hash = "sha256:40741994320b232529c802f8bc86da4e1aa9f413db394617b9a256ae0f9a7f77"},
    {file = "tomli-2.2.1-cp312-cp312-musllinux_1_2_aarch64.whl", hash = "sha256:400e720fe168c0f8521520190686ef8ef033fb19fc493da09779e592861b78c6"},
    {file = "tomli-2.2.1-cp312-cp312-musllinux_1_2_i686.whl", hash = "sha256:02abe224de6ae62c19f090f68da4e27b10af2b93213d36cf44e6e1c5abd19fdd"},
    {file = "tomli-2.2.1-cp312-cp312-musllinux_1_2_x86_64.whl", hash = "sha256:b82ebccc8c8a36f2094e969560a1b836758481f3dc360ce9a3277c65f374285e"},
    {file = "tomli-2.2.1-cp312-cp312-win32.whl", hash = "sha256:889f80ef92701b9dbb224e49ec87c645ce5df3fa2cc548664eb8a25e03127a98"},
    {file = "tomli-2.2.1-cp312-cp312-win_amd64.whl", hash = "sha256:7fc04e92e1d624a4a63c76474610238576942d6b8950a2d7f908a340494e67e4"},
    {file = "tomli-2.2.1-cp313-cp313-macosx_10_13_x86_64.whl", hash = "sha256:f4039b9cbc3048b2416cc57ab3bda989a6fcf9b36cf8937f01a6e731b64f80d7"},
    {file = "tomli-2.2.1-cp313-cp313-macosx_11_0_arm64.whl", hash = "sha256:286f0ca2ffeeb5b9bd4fcc8d6c330534323ec51b2f52da063b11c502da16f30c"},
    {file = "tomli-2.2.1-cp313-cp313-manylinux_2_17_aarch64.manylinux2014_aarch64.whl", hash = "sha256:a92ef1a44547e894e2a17d24e7557a5e85a9e1d0048b0b5e7541f76c5032cb13"},
    {file = "tomli-2.2.1-cp313-cp313-manylinux_2_17_x86_64.manylinux2014_x86_64.whl", hash = "sha256:9316dc65bed1684c9a98ee68759ceaed29d229e985297003e494aa825ebb0281"},
    {file = "tomli-2.2.1-cp313-cp313-manylinux_2_5_i686.manylinux1_i686.manylinux_2_17_i686.manylinux2014_i686.whl", hash = "sha256:e85e99945e688e32d5a35c1ff38ed0b3f41f43fad8df0bdf79f72b2ba7bc5272"},
    {file = "tomli-2.2.1-cp313-cp313-musllinux_1_2_aarch64.whl", hash = "sha256:ac065718db92ca818f8d6141b5f66369833d4a80a9d74435a268c52bdfa73140"},
    {file = "tomli-2.2.1-cp313-cp313-musllinux_1_2_i686.whl", hash = "sha256:d920f33822747519673ee656a4b6ac33e382eca9d331c87770faa3eef562aeb2"},
    {file = "tomli-2.2.1-cp313-cp313-musllinux_1_2_x86_64.whl", hash = "sha256:a198f10c4d1b1375d7687bc25294306e551bf1abfa4eace6650070a5c1ae2744"},
    {file = "tomli-2.2.1-cp313-cp313-win32.whl", hash = "sha256:d3f5614314d758649ab2ab3a62d4f2004c825922f9e370b29416484086b264ec"},
    {file = "tomli-2.2.1-cp313-cp313-win_amd64.whl", hash = "sha256:a38aa0308e754b0e3c67e344754dff64999ff9b513e691d0e786265c93583c69"},
    {file = "tomli-2.2.1-py3-none-any.whl", hash = "sha256:cb55c73c5f4408779d0cf3eef9f762b9c9f147a77de7b258bef0a5628adc85cc"},
    {file = "tomli-2.2.1.tar.gz", hash = "sha256:cd45e1dc79c835ce60f7404ec8119f2eb06d38b1deba146f07ced3bbc44505ff"},
]

[[package]]
name = "typing-extensions"
version = "4.12.2"
description = "Backported and Experimental Type Hints for Python 3.8+"
optional = false
python-versions = ">=3.8"
files = [
    {file = "typing_extensions-4.12.2-py3-none-any.whl", hash = "sha256:04e5ca0351e0f3f85c6853954072df659d0d13fac324d0072316b67d7794700d"},
    {file = "typing_extensions-4.12.2.tar.gz", hash = "sha256:1a7ead55c7e559dd4dee8856e3a88b41225abfe1ce8df57b7c13915fe121ffb8"},
]

[metadata]
lock-version = "2.0"
python-versions = "^3.8"
content-hash = "0f5b2b008bb5de8545881eaeacfdd1a6fe50e5271feea4635d622ffce9e550dc"
